// !$*UTF8*$!
{
	archiveVersion = 1;
	classes = {
	};
	objectVersion = 46;
	objects = {

/* Begin PBXBuildFile section */
		100AA32C1EB9681300983630 /* AppDelegate.swift in Sources */ = {isa = PBXBuildFile; fileRef = 100AA32B1EB9681300983630 /* AppDelegate.swift */; };
		100AA32E1EB9681300983630 /* ViewController.swift in Sources */ = {isa = PBXBuildFile; fileRef = 100AA32D1EB9681300983630 /* ViewController.swift */; };
		100AA3311EB9681300983630 /* Main.storyboard in Resources */ = {isa = PBXBuildFile; fileRef = 100AA32F1EB9681300983630 /* Main.storyboard */; };
		100AA3331EB9681300983630 /* Assets.xcassets in Resources */ = {isa = PBXBuildFile; fileRef = 100AA3321EB9681300983630 /* Assets.xcassets */; };
		100AA3361EB9681300983630 /* LaunchScreen.storyboard in Resources */ = {isa = PBXBuildFile; fileRef = 100AA3341EB9681300983630 /* LaunchScreen.storyboard */; };
		100AA33E1EB968C000983630 /* Entrants.swift in Sources */ = {isa = PBXBuildFile; fileRef = 100AA33D1EB968C000983630 /* Entrants.swift */; };
		107E53671EBBD18500745CF2 /* Data.swift in Sources */ = {isa = PBXBuildFile; fileRef = 107E53661EBBD18500745CF2 /* Data.swift */; };
/* End PBXBuildFile section */

/* Begin PBXFileReference section */
		100AA3281EB9681300983630 /* Amusement Park Pass Generator.app */ = {isa = PBXFileReference; explicitFileType = wrapper.application; includeInIndex = 0; path = "Amusement Park Pass Generator.app"; sourceTree = BUILT_PRODUCTS_DIR; };
		100AA32B1EB9681300983630 /* AppDelegate.swift */ = {isa = PBXFileReference; lastKnownFileType = sourcecode.swift; path = AppDelegate.swift; sourceTree = "<group>"; };
		100AA32D1EB9681300983630 /* ViewController.swift */ = {isa = PBXFileReference; lastKnownFileType = sourcecode.swift; path = ViewController.swift; sourceTree = "<group>"; };
		100AA3301EB9681300983630 /* Base */ = {isa = PBXFileReference; lastKnownFileType = file.storyboard; name = Base; path = Base.lproj/Main.storyboard; sourceTree = "<group>"; };
		100AA3321EB9681300983630 /* Assets.xcassets */ = {isa = PBXFileReference; lastKnownFileType = folder.assetcatalog; path = Assets.xcassets; sourceTree = "<group>"; };
		100AA3351EB9681300983630 /* Base */ = {isa = PBXFileReference; lastKnownFileType = file.storyboard; name = Base; path = Base.lproj/LaunchScreen.storyboard; sourceTree = "<group>"; };
		100AA3371EB9681300983630 /* Info.plist */ = {isa = PBXFileReference; lastKnownFileType = text.plist.xml; path = Info.plist; sourceTree = "<group>"; };
		100AA33D1EB968C000983630 /* Entrants.swift */ = {isa = PBXFileReference; fileEncoding = 4; lastKnownFileType = sourcecode.swift; path = Entrants.swift; sourceTree = "<group>"; };
		107E53661EBBD18500745CF2 /* Data.swift */ = {isa = PBXFileReference; fileEncoding = 4; lastKnownFileType = sourcecode.swift; path = Data.swift; sourceTree = "<group>"; };
/* End PBXFileReference section */

/* Begin PBXFrameworksBuildPhase section */
		100AA3251EB9681300983630 /* Frameworks */ = {
			isa = PBXFrameworksBuildPhase;
			buildActionMask = 2147483647;
			files = (
			);
			runOnlyForDeploymentPostprocessing = 0;
		};
/* End PBXFrameworksBuildPhase section */

/* Begin PBXGroup section */
		100AA31F1EB9681300983630 = {
			isa = PBXGroup;
			children = (
				100AA32A1EB9681300983630 /* Amusement Park Pass Generator */,
				100AA3291EB9681300983630 /* Products */,
			);
			sourceTree = "<group>";
		};
		100AA3291EB9681300983630 /* Products */ = {
			isa = PBXGroup;
			children = (
				100AA3281EB9681300983630 /* Amusement Park Pass Generator.app */,
			);
			name = Products;
			sourceTree = "<group>";
		};
		100AA32A1EB9681300983630 /* Amusement Park Pass Generator */ = {
			isa = PBXGroup;
			children = (
				100AA32B1EB9681300983630 /* AppDelegate.swift */,
				100AA32D1EB9681300983630 /* ViewController.swift */,
				100AA32F1EB9681300983630 /* Main.storyboard */,
				100AA3321EB9681300983630 /* Assets.xcassets */,
				100AA3341EB9681300983630 /* LaunchScreen.storyboard */,
				100AA3371EB9681300983630 /* Info.plist */,
				100AA33D1EB968C000983630 /* Entrants.swift */,
				107E53661EBBD18500745CF2 /* Data.swift */,
			);
			path = "Amusement Park Pass Generator";
			sourceTree = "<group>";
		};
/* End PBXGroup section */

/* Begin PBXNativeTarget section */
		100AA3271EB9681300983630 /* Amusement Park Pass Generator */ = {
			isa = PBXNativeTarget;
			buildConfigurationList = 100AA33A1EB9681300983630 /* Build configuration list for PBXNativeTarget "Amusement Park Pass Generator" */;
			buildPhases = (
				100AA3241EB9681300983630 /* Sources */,
				100AA3251EB9681300983630 /* Frameworks */,
				100AA3261EB9681300983630 /* Resources */,
			);
			buildRules = (
			);
			dependencies = (
			);
			name = "Amusement Park Pass Generator";
			productName = "Amusement Park Pass Generator";
			productReference = 100AA3281EB9681300983630 /* Amusement Park Pass Generator.app */;
			productType = "com.apple.product-type.application";
		};
/* End PBXNativeTarget section */

/* Begin PBXProject section */
		100AA3201EB9681300983630 /* Project object */ = {
			isa = PBXProject;
			attributes = {
				LastSwiftUpdateCheck = 0830;
				LastUpgradeCheck = 0830;
				ORGANIZATIONNAME = "Ty Schenk";
				TargetAttributes = {
					100AA3271EB9681300983630 = {
						CreatedOnToolsVersion = 8.3.2;
						DevelopmentTeam = 8AYF758EP8;
						ProvisioningStyle = Automatic;
					};
				};
			};
			buildConfigurationList = 100AA3231EB9681300983630 /* Build configuration list for PBXProject "Amusement Park Pass Generator" */;
			compatibilityVersion = "Xcode 3.2";
			developmentRegion = English;
			hasScannedForEncodings = 0;
			knownRegions = (
				en,
				Base,
			);
			mainGroup = 100AA31F1EB9681300983630;
			productRefGroup = 100AA3291EB9681300983630 /* Products */;
			projectDirPath = "";
			projectRoot = "";
			targets = (
				100AA3271EB9681300983630 /* Amusement Park Pass Generator */,
			);
		};
/* End PBXProject section */

/* Begin PBXResourcesBuildPhase section */
		100AA3261EB9681300983630 /* Resources */ = {
			isa = PBXResourcesBuildPhase;
			buildActionMask = 2147483647;
			files = (
				100AA3361EB9681300983630 /* LaunchScreen.storyboard in Resources */,
				100AA3331EB9681300983630 /* Assets.xcassets in Resources */,
				100AA3311EB9681300983630 /* Main.storyboard in Resources */,
			);
			runOnlyForDeploymentPostprocessing = 0;
		};
/* End PBXResourcesBuildPhase section */

/* Begin PBXSourcesBuildPhase section */
		100AA3241EB9681300983630 /* Sources */ = {
			isa = PBXSourcesBuildPhase;
			buildActionMask = 2147483647;
			files = (
				100AA32E1EB9681300983630 /* ViewController.swift in Sources */,
				100AA33E1EB968C000983630 /* Entrants.swift in Sources */,
				100AA32C1EB9681300983630 /* AppDelegate.swift in Sources */,
				107E53671EBBD18500745CF2 /* Data.swift in Sources */,
			);
			runOnlyForDeploymentPostprocessing = 0;
		};
/* End PBXSourcesBuildPhase section */

/* Begin PBXVariantGroup section */
		100AA32F1EB9681300983630 /* Main.storyboard */ = {
			isa = PBXVariantGroup;
			children = (
				100AA3301EB9681300983630 /* Base */,
			);
			name = Main.storyboard;
			sourceTree = "<group>";
		};
		100AA3341EB9681300983630 /* LaunchScreen.storyboard */ = {
			isa = PBXVariantGroup;
			children = (
				100AA3351EB9681300983630 /* Base */,
			);
			name = LaunchScreen.storyboard;
			sourceTree = "<group>";
		};
/* End PBXVariantGroup section */

/* Begin XCBuildConfiguration section */
		100AA3381EB9681300983630 /* Debug */ = {
			isa = XCBuildConfiguration;
			buildSettings = {
				ALWAYS_SEARCH_USER_PATHS = NO;
				CLANG_ANALYZER_NONNULL = YES;
				CLANG_ANALYZER_NUMBER_OBJECT_CONVERSION = YES_AGGRESSIVE;
				CLANG_CXX_LANGUAGE_STANDARD = "gnu++0x";
				CLANG_CXX_LIBRARY = "libc++";
				CLANG_ENABLE_MODULES = YES;
				CLANG_ENABLE_OBJC_ARC = YES;
				CLANG_WARN_BOOL_CONVERSION = YES;
				CLANG_WARN_CONSTANT_CONVERSION = YES;
				CLANG_WARN_DIRECT_OBJC_ISA_USAGE = YES_ERROR;
				CLANG_WARN_DOCUMENTATION_COMMENTS = YES;
				CLANG_WARN_EMPTY_BODY = YES;
				CLANG_WARN_ENUM_CONVERSION = YES;
				CLANG_WARN_INFINITE_RECURSION = YES;
				CLANG_WARN_INT_CONVERSION = YES;
				CLANG_WARN_OBJC_ROOT_CLASS = YES_ERROR;
				CLANG_WARN_SUSPICIOUS_MOVE = YES;
				CLANG_WARN_UNREACHABLE_CODE = YES;
				CLANG_WARN__DUPLICATE_METHOD_MATCH = YES;
				"CODE_SIGN_IDENTITY[sdk=iphoneos*]" = "iPhone Developer";
				COPY_PHASE_STRIP = NO;
				DEBUG_INFORMATION_FORMAT = dwarf;
				ENABLE_STRICT_OBJC_MSGSEND = YES;
				ENABLE_TESTABILITY = YES;
				GCC_C_LANGUAGE_STANDARD = gnu99;
				GCC_DYNAMIC_NO_PIC = NO;
				GCC_NO_COMMON_BLOCKS = YES;
				GCC_OPTIMIZATION_LEVEL = 0;
				GCC_PREPROCESSOR_DEFINITIONS = (
					"DEBUG=1",
					"$(inherited)",
				);
				GCC_WARN_64_TO_32_BIT_CONVERSION = YES;
				GCC_WARN_ABOUT_RETURN_TYPE = YES_ERROR;
				GCC_WARN_UNDECLARED_SELECTOR = YES;
				GCC_WARN_UNINITIALIZED_AUTOS = YES_AGGRESSIVE;
				GCC_WARN_UNUSED_FUNCTION = YES;
				GCC_WARN_UNUSED_VARIABLE = YES;
				IPHONEOS_DEPLOYMENT_TARGET = 10.3;
				MTL_ENABLE_DEBUG_INFO = YES;
				ONLY_ACTIVE_ARCH = YES;
				SDKROOT = iphoneos;
				SWIFT_ACTIVE_COMPILATION_CONDITIONS = DEBUG;
				SWIFT_OPTIMIZATION_LEVEL = "-Onone";
				TARGETED_DEVICE_FAMILY = 2;
			};
			name = Debug;
		};
		100AA3391EB9681300983630 /* Release */ = {
			isa = XCBuildConfiguration;
			buildSettings = {
				ALWAYS_SEARCH_USER_PATHS = NO;
				CLANG_ANALYZER_NONNULL = YES;
				CLANG_ANALYZER_NUMBER_OBJECT_CONVERSION = YES_AGGRESSIVE;
				CLANG_CXX_LANGUAGE_STANDARD = "gnu++0x";
				CLANG_CXX_LIBRARY = "libc++";
				CLANG_ENABLE_MODULES = YES;
				CLANG_ENABLE_OBJC_ARC = YES;
				CLANG_WARN_BOOL_CONVERSION = YES;
				CLANG_WARN_CONSTANT_CONVERSION = YES;
				CLANG_WARN_DIRECT_OBJC_ISA_USAGE = YES_ERROR;
				CLANG_WARN_DOCUMENTATION_COMMENTS = YES;
				CLANG_WARN_EMPTY_BODY = YES;
				CLANG_WARN_ENUM_CONVERSION = YES;
				CLANG_WARN_INFINITE_RECURSION = YES;
				CLANG_WARN_INT_CONVERSION = YES;
				CLANG_WARN_OBJC_ROOT_CLASS = YES_ERROR;
				CLANG_WARN_SUSPICIOUS_MOVE = YES;
				CLANG_WARN_UNREACHABLE_CODE = YES;
				CLANG_WARN__DUPLICATE_METHOD_MATCH = YES;
				"CODE_SIGN_IDENTITY[sdk=iphoneos*]" = "iPhone Developer";
				COPY_PHASE_STRIP = NO;
				DEBUG_INFORMATION_FORMAT = "dwarf-with-dsym";
				ENABLE_NS_ASSERTIONS = NO;
				ENABLE_STRICT_OBJC_MSGSEND = YES;
				GCC_C_LANGUAGE_STANDARD = gnu99;
				GCC_NO_COMMON_BLOCKS = YES;
				GCC_WARN_64_TO_32_BIT_CONVERSION = YES;
				GCC_WARN_ABOUT_RETURN_TYPE = YES_ERROR;
				GCC_WARN_UNDECLARED_SELECTOR = YES;
				GCC_WARN_UNINITIALIZED_AUTOS = YES_AGGRESSIVE;
				GCC_WARN_UNUSED_FUNCTION = YES;
				GCC_WARN_UNUSED_VARIABLE = YES;
				IPHONEOS_DEPLOYMENT_TARGET = 10.3;
				MTL_ENABLE_DEBUG_INFO = NO;
				SDKROOT = iphoneos;
				SWIFT_OPTIMIZATION_LEVEL = "-Owholemodule";
				TARGETED_DEVICE_FAMILY = 2;
				VALIDATE_PRODUCT = YES;
			};
			name = Release;
		};
		100AA33B1EB9681300983630 /* Debug */ = {
			isa = XCBuildConfiguration;
			buildSettings = {
				ASSETCATALOG_COMPILER_APPICON_NAME = AppIcon;
				DEVELOPMENT_TEAM = 8AYF758EP8;
				INFOPLIST_FILE = "Amusement Park Pass Generator/Info.plist";
				LD_RUNPATH_SEARCH_PATHS = "$(inherited) @executable_path/Frameworks";
				PRODUCT_BUNDLE_IDENTIFIER = "com.tschenk.Amusement-Park-Pass-Generator";
				PRODUCT_NAME = "$(TARGET_NAME)";
				SWIFT_VERSION = 3.0;
			};
			name = Debug;
		};
		100AA33C1EB9681300983630 /* Release */ = {
			isa = XCBuildConfiguration;
			buildSettings = {
				ASSETCATALOG_COMPILER_APPICON_NAME = AppIcon;
				DEVELOPMENT_TEAM = 8AYF758EP8;
				INFOPLIST_FILE = "Amusement Park Pass Generator/Info.plist";
				LD_RUNPATH_SEARCH_PATHS = "$(inherited) @executable_path/Frameworks";
				PRODUCT_BUNDLE_IDENTIFIER = "com.tschenk.Amusement-Park-Pass-Generator";
				PRODUCT_NAME = "$(TARGET_NAME)";
				SWIFT_VERSION = 3.0;
			};
			name = Release;
		};
/* End XCBuildConfiguration section */

/* Begin XCConfigurationList section */
		100AA3231EB9681300983630 /* Build configuration list for PBXProject "Amusement Park Pass Generator" */ = {
			isa = XCConfigurationList;
			buildConfigurations = (
				100AA3381EB9681300983630 /* Debug */,
				100AA3391EB9681300983630 /* Release */,
			);
			defaultConfigurationIsVisible = 0;
			defaultConfigurationName = Release;
		};
		100AA33A1EB9681300983630 /* Build configuration list for PBXNativeTarget "Amusement Park Pass Generator" */ = {
			isa = XCConfigurationList;
			buildConfigurations = (
				100AA33B1EB9681300983630 /* Debug */,
				100AA33C1EB9681300983630 /* Release */,
			);
			defaultConfigurationIsVisible = 0;
			defaultConfigurationName = Release;
		};
/* End XCConfigurationList section */
	};
	rootObject = 100AA3201EB9681300983630 /* Project object */;
}
